
Microsoft Visual Studio Solution File, Format Version 12.00
# Visual Studio 15
VisualStudioVersion = 15.0.26403.7
MinimumVisualStudioVersion = 10.0.40219.1
Project("{FAE04EC0-301F-11D3-BF4B-00C04F79EFBC}") = "HelloWorldAPi", "HelloWorldAPi\HelloWorldAPi.csproj", "{D8A5DDD7-13F2-43B3-8236-3C184E077F0B}"
EndProject
Project("{FAE04EC0-301F-11D3-BF4B-00C04F79EFBC}") = "HelloWorldAPi.Tests", "HelloWorldAPi.Tests\HelloWorldAPi.Tests.csproj", "{FA5BC310-8F92-4CF3-A7B8-3892C534AB77}"
EndProject
Global
	GlobalSection(SolutionConfigurationPlatforms) = preSolution
		Debug|Any CPU = Debug|Any CPU
		Release|Any CPU = Release|Any CPU
	EndGlobalSection
	GlobalSection(ProjectConfigurationPlatforms) = postSolution
		{D8A5DDD7-13F2-43B3-8236-3C184E077F0B}.Debug|Any CPU.ActiveCfg = Debug|Any CPU
		{D8A5DDD7-13F2-43B3-8236-3C184E077F0B}.Debug|Any CPU.Build.0 = Debug|Any CPU
		{D8A5DDD7-13F2-43B3-8236-3C184E077F0B}.Release|Any CPU.ActiveCfg = Release|Any CPU
		{D8A5DDD7-13F2-43B3-8236-3C184E077F0B}.Release|Any CPU.Build.0 = Release|Any CPU
		{FA5BC310-8F92-4CF3-A7B8-3892C534AB77}.Debug|Any CPU.ActiveCfg = Debug|Any CPU
		{FA5BC310-8F92-4CF3-A7B8-3892C534AB77}.Debug|Any CPU.Build.0 = Debug|Any CPU
		{FA5BC310-8F92-4CF3-A7B8-3892C534AB77}.Release|Any CPU.ActiveCfg = Release|Any CPU
		{FA5BC310-8F92-4CF3-A7B8-3892C534AB77}.Release|Any CPU.Build.0 = Release|Any CPU
	EndGlobalSection
	GlobalSection(SolutionProperties) = preSolution
		HideSolutionNode = FALSE
	EndGlobalSection
EndGlobal
